
Microsoft Visual Studio Solution File, Format Version 12.00
# Visual Studio 15
VisualStudioVersion = 15.0.28307.168
MinimumVisualStudioVersion = 10.0.40219.1
Project("{9A19103F-16F7-4668-BE54-9A1E7A4F7556}") = "DatingApp.API", "DatingApp.API\DatingApp.API.csproj", "{3640BB06-117F-4F3D-8EED-616AF12E72E3}"
EndProject
Project("{9A19103F-16F7-4668-BE54-9A1E7A4F7556}") = "DatingApp.Data", "DatingApp.Data\DatingApp.Data.csproj", "{011ECCCF-0D5A-4340-AEC2-99A891D52AF1}"
EndProject
Project("{9A19103F-16F7-4668-BE54-9A1E7A4F7556}") = "DatingApp.Application", "DatingApp.Application\DatingApp.Application.csproj", "{70BF15B7-CB4F-4460-9704-B7E5EE66DAC4}"
EndProject
Project("{FAE04EC0-301F-11D3-BF4B-00C04F79EFBC}") = "DatingApp.Utilities", "DatingApp.Utilities\DatingApp.Utilities.csproj", "{B4A08A57-9331-48C5-9241-A8FD0F567C28}"
EndProject
Global
	GlobalSection(SolutionConfigurationPlatforms) = preSolution
		Debug|Any CPU = Debug|Any CPU
		Release|Any CPU = Release|Any CPU
	EndGlobalSection
	GlobalSection(ProjectConfigurationPlatforms) = postSolution
		{3640BB06-117F-4F3D-8EED-616AF12E72E3}.Debug|Any CPU.ActiveCfg = Debug|Any CPU
		{3640BB06-117F-4F3D-8EED-616AF12E72E3}.Debug|Any CPU.Build.0 = Debug|Any CPU
		{3640BB06-117F-4F3D-8EED-616AF12E72E3}.Release|Any CPU.ActiveCfg = Release|Any CPU
		{3640BB06-117F-4F3D-8EED-616AF12E72E3}.Release|Any CPU.Build.0 = Release|Any CPU
		{011ECCCF-0D5A-4340-AEC2-99A891D52AF1}.Debug|Any CPU.ActiveCfg = Debug|Any CPU
		{011ECCCF-0D5A-4340-AEC2-99A891D52AF1}.Debug|Any CPU.Build.0 = Debug|Any CPU
		{011ECCCF-0D5A-4340-AEC2-99A891D52AF1}.Release|Any CPU.ActiveCfg = Release|Any CPU
		{011ECCCF-0D5A-4340-AEC2-99A891D52AF1}.Release|Any CPU.Build.0 = Release|Any CPU
		{70BF15B7-CB4F-4460-9704-B7E5EE66DAC4}.Debug|Any CPU.ActiveCfg = Debug|Any CPU
		{70BF15B7-CB4F-4460-9704-B7E5EE66DAC4}.Debug|Any CPU.Build.0 = Debug|Any CPU
		{70BF15B7-CB4F-4460-9704-B7E5EE66DAC4}.Release|Any CPU.ActiveCfg = Release|Any CPU
		{70BF15B7-CB4F-4460-9704-B7E5EE66DAC4}.Release|Any CPU.Build.0 = Release|Any CPU
		{B4A08A57-9331-48C5-9241-A8FD0F567C28}.Debug|Any CPU.ActiveCfg = Debug|Any CPU
		{B4A08A57-9331-48C5-9241-A8FD0F567C28}.Debug|Any CPU.Build.0 = Debug|Any CPU
		{B4A08A57-9331-48C5-9241-A8FD0F567C28}.Release|Any CPU.ActiveCfg = Release|Any CPU
		{B4A08A57-9331-48C5-9241-A8FD0F567C28}.Release|Any CPU.Build.0 = Release|Any CPU
	EndGlobalSection
	GlobalSection(SolutionProperties) = preSolution
		HideSolutionNode = FALSE
	EndGlobalSection
	GlobalSection(ExtensibilityGlobals) = postSolution
		SolutionGuid = {08E21587-DC93-4265-A826-B7B479A9CCC9}
	EndGlobalSection
EndGlobal
